// !$*UTF8*$!
{
	archiveVersion = 1;
	classes = {
	};
	objectVersion = 51;
	objects = {

/* Begin PBXBuildFile section */
		5A45CD2A243EE53800606DA0 /* AppDelegate.swift in Sources */ = {isa = PBXBuildFile; fileRef = 5A45CD29243EE53800606DA0 /* AppDelegate.swift */; };
		5A45CD2C243EE53800606DA0 /* SceneDelegate.swift in Sources */ = {isa = PBXBuildFile; fileRef = 5A45CD2B243EE53800606DA0 /* SceneDelegate.swift */; };
		5A45CD31243EE53800606DA0 /* Main.storyboard in Resources */ = {isa = PBXBuildFile; fileRef = 5A45CD2F243EE53800606DA0 /* Main.storyboard */; };
		5A45CD33243EE53C00606DA0 /* Assets.xcassets in Resources */ = {isa = PBXBuildFile; fileRef = 5A45CD32243EE53C00606DA0 /* Assets.xcassets */; };
		5A45CD36243EE53C00606DA0 /* LaunchScreen.storyboard in Resources */ = {isa = PBXBuildFile; fileRef = 5A45CD34243EE53C00606DA0 /* LaunchScreen.storyboard */; };
		5A45CD3E243EE5CF00606DA0 /* LoginViewController.swift in Sources */ = {isa = PBXBuildFile; fileRef = 5A45CD3D243EE5CF00606DA0 /* LoginViewController.swift */; };
		5A45CD40243EE5E500606DA0 /* HomeViewController.swift in Sources */ = {isa = PBXBuildFile; fileRef = 5A45CD3F243EE5E500606DA0 /* HomeViewController.swift */; };
		5A45CD42243EE5FE00606DA0 /* ImageSelectViewController.swift in Sources */ = {isa = PBXBuildFile; fileRef = 5A45CD41243EE5FE00606DA0 /* ImageSelectViewController.swift */; };
		5A45CD44243EE61200606DA0 /* PostViewController.swift in Sources */ = {isa = PBXBuildFile; fileRef = 5A45CD43243EE61200606DA0 /* PostViewController.swift */; };
		5A45CD46243EE62500606DA0 /* SettingViewController.swift in Sources */ = {isa = PBXBuildFile; fileRef = 5A45CD45243EE62500606DA0 /* SettingViewController.swift */; };
		5A45CD4A243EED5700606DA0 /* TabBarController.swift in Sources */ = {isa = PBXBuildFile; fileRef = 5A45CD49243EED5700606DA0 /* TabBarController.swift */; };
		5A5FBBFF2446907600E1EBE1 /* Const.swift in Sources */ = {isa = PBXBuildFile; fileRef = 5A5FBBFE2446907600E1EBE1 /* Const.swift */; };
		5AA2F8C52446FE630032AFA0 /* PostData.swift in Sources */ = {isa = PBXBuildFile; fileRef = 5AA2F8C42446FE630032AFA0 /* PostData.swift */; };
		5AA2F8C82446FEDA0032AFA0 /* PostTableViewCell.swift in Sources */ = {isa = PBXBuildFile; fileRef = 5AA2F8C62446FEDA0032AFA0 /* PostTableViewCell.swift */; };
		5AA2F8C92446FEDA0032AFA0 /* PostTableViewCell.xib in Resources */ = {isa = PBXBuildFile; fileRef = 5AA2F8C72446FEDA0032AFA0 /* PostTableViewCell.xib */; };
		5ACEEE7724407925008BC92B /* GoogleService-Info.plist in Resources */ = {isa = PBXBuildFile; fileRef = 5ACEEE7624407924008BC92B /* GoogleService-Info.plist */; };
		5AEB583C244AF512001FFEB4 /* CommentViewController.swift in Sources */ = {isa = PBXBuildFile; fileRef = 5AEB583B244AF512001FFEB4 /* CommentViewController.swift */; };
		B072D013CDC7203B49F9F654 /* Pods_Instagram.framework in Frameworks */ = {isa = PBXBuildFile; fileRef = C51EC4F79ED392833159C8D4 /* Pods_Instagram.framework */; };
/* End PBXBuildFile section */

/* Begin PBXFileReference section */
		5400A0BC3CE20E14185DE337 /* Pods-Instagram.release.xcconfig */ = {isa = PBXFileReference; includeInIndex = 1; lastKnownFileType = text.xcconfig; name = "Pods-Instagram.release.xcconfig"; path = "Target Support Files/Pods-Instagram/Pods-Instagram.release.xcconfig"; sourceTree = "<group>"; };
		5A45CD26243EE53800606DA0 /* Instagram.app */ = {isa = PBXFileReference; explicitFileType = wrapper.application; includeInIndex = 0; path = Instagram.app; sourceTree = BUILT_PRODUCTS_DIR; };
		5A45CD29243EE53800606DA0 /* AppDelegate.swift */ = {isa = PBXFileReference; lastKnownFileType = sourcecode.swift; path = AppDelegate.swift; sourceTree = "<group>"; };
		5A45CD2B243EE53800606DA0 /* SceneDelegate.swift */ = {isa = PBXFileReference; lastKnownFileType = sourcecode.swift; path = SceneDelegate.swift; sourceTree = "<group>"; };
		5A45CD30243EE53800606DA0 /* Base */ = {isa = PBXFileReference; lastKnownFileType = file.storyboard; name = Base; path = Base.lproj/Main.storyboard; sourceTree = "<group>"; };
		5A45CD32243EE53C00606DA0 /* Assets.xcassets */ = {isa = PBXFileReference; lastKnownFileType = folder.assetcatalog; path = Assets.xcassets; sourceTree = "<group>"; };
		5A45CD35243EE53C00606DA0 /* Base */ = {isa = PBXFileReference; lastKnownFileType = file.storyboard; name = Base; path = Base.lproj/LaunchScreen.storyboard; sourceTree = "<group>"; };
		5A45CD37243EE53C00606DA0 /* Info.plist */ = {isa = PBXFileReference; lastKnownFileType = text.plist.xml; path = Info.plist; sourceTree = "<group>"; };
		5A45CD3D243EE5CF00606DA0 /* LoginViewController.swift */ = {isa = PBXFileReference; lastKnownFileType = sourcecode.swift; path = LoginViewController.swift; sourceTree = "<group>"; };
		5A45CD3F243EE5E500606DA0 /* HomeViewController.swift */ = {isa = PBXFileReference; lastKnownFileType = sourcecode.swift; path = HomeViewController.swift; sourceTree = "<group>"; };
		5A45CD41243EE5FE00606DA0 /* ImageSelectViewController.swift */ = {isa = PBXFileReference; lastKnownFileType = sourcecode.swift; path = ImageSelectViewController.swift; sourceTree = "<group>"; };
		5A45CD43243EE61200606DA0 /* PostViewController.swift */ = {isa = PBXFileReference; lastKnownFileType = sourcecode.swift; path = PostViewController.swift; sourceTree = "<group>"; };
		5A45CD45243EE62500606DA0 /* SettingViewController.swift */ = {isa = PBXFileReference; lastKnownFileType = sourcecode.swift; path = SettingViewController.swift; sourceTree = "<group>"; };
		5A45CD49243EED5700606DA0 /* TabBarController.swift */ = {isa = PBXFileReference; lastKnownFileType = sourcecode.swift; path = TabBarController.swift; sourceTree = "<group>"; };
		5A5FBBFE2446907600E1EBE1 /* Const.swift */ = {isa = PBXFileReference; lastKnownFileType = sourcecode.swift; path = Const.swift; sourceTree = "<group>"; };
		5AA2F8C42446FE630032AFA0 /* PostData.swift */ = {isa = PBXFileReference; lastKnownFileType = sourcecode.swift; path = PostData.swift; sourceTree = "<group>"; };
		5AA2F8C62446FEDA0032AFA0 /* PostTableViewCell.swift */ = {isa = PBXFileReference; lastKnownFileType = sourcecode.swift; path = PostTableViewCell.swift; sourceTree = "<group>"; };
		5AA2F8C72446FEDA0032AFA0 /* PostTableViewCell.xib */ = {isa = PBXFileReference; lastKnownFileType = file.xib; path = PostTableViewCell.xib; sourceTree = "<group>"; };
		5ACEEE7624407924008BC92B /* GoogleService-Info.plist */ = {isa = PBXFileReference; fileEncoding = 4; lastKnownFileType = text.plist.xml; path = "GoogleService-Info.plist"; sourceTree = "<group>"; };
		5AEB583B244AF512001FFEB4 /* CommentViewController.swift */ = {isa = PBXFileReference; lastKnownFileType = sourcecode.swift; path = CommentViewController.swift; sourceTree = "<group>"; };
		C51EC4F79ED392833159C8D4 /* Pods_Instagram.framework */ = {isa = PBXFileReference; explicitFileType = wrapper.framework; includeInIndex = 0; path = Pods_Instagram.framework; sourceTree = BUILT_PRODUCTS_DIR; };
		D3A1A08D0319BDFE871D8474 /* Pods-Instagram.debug.xcconfig */ = {isa = PBXFileReference; includeInIndex = 1; lastKnownFileType = text.xcconfig; name = "Pods-Instagram.debug.xcconfig"; path = "Target Support Files/Pods-Instagram/Pods-Instagram.debug.xcconfig"; sourceTree = "<group>"; };
/* End PBXFileReference section */

/* Begin PBXFrameworksBuildPhase section */
		5A45CD23243EE53800606DA0 /* Frameworks */ = {
			isa = PBXFrameworksBuildPhase;
			buildActionMask = 2147483647;
			files = (
				B072D013CDC7203B49F9F654 /* Pods_Instagram.framework in Frameworks */,
			);
			runOnlyForDeploymentPostprocessing = 0;
		};
/* End PBXFrameworksBuildPhase section */

/* Begin PBXGroup section */
		173695B06243C48E4D0715BE /* Frameworks */ = {
			isa = PBXGroup;
			children = (
				C51EC4F79ED392833159C8D4 /* Pods_Instagram.framework */,
			);
			name = Frameworks;
			sourceTree = "<group>";
		};
		5A45CD1D243EE53800606DA0 = {
			isa = PBXGroup;
			children = (
				5A45CD28243EE53800606DA0 /* Instagram */,
				5A45CD27243EE53800606DA0 /* Products */,
				95D3B63227C5C5364EC8DB5C /* Pods */,
				173695B06243C48E4D0715BE /* Frameworks */,
			);
			sourceTree = "<group>";
		};
		5A45CD27243EE53800606DA0 /* Products */ = {
			isa = PBXGroup;
			children = (
				5A45CD26243EE53800606DA0 /* Instagram.app */,
			);
			name = Products;
			sourceTree = "<group>";
		};
		5A45CD28243EE53800606DA0 /* Instagram */ = {
			isa = PBXGroup;
			children = (
				5A45CD29243EE53800606DA0 /* AppDelegate.swift */,
				5A45CD2B243EE53800606DA0 /* SceneDelegate.swift */,
				5A45CD3D243EE5CF00606DA0 /* LoginViewController.swift */,
				5A45CD3F243EE5E500606DA0 /* HomeViewController.swift */,
				5A45CD41243EE5FE00606DA0 /* ImageSelectViewController.swift */,
				5A45CD43243EE61200606DA0 /* PostViewController.swift */,
				5AEB583B244AF512001FFEB4 /* CommentViewController.swift */,
				5A45CD45243EE62500606DA0 /* SettingViewController.swift */,
				5A45CD49243EED5700606DA0 /* TabBarController.swift */,
				5A5FBBFE2446907600E1EBE1 /* Const.swift */,
				5AA2F8C42446FE630032AFA0 /* PostData.swift */,
				5AA2F8C62446FEDA0032AFA0 /* PostTableViewCell.swift */,
				5AA2F8C72446FEDA0032AFA0 /* PostTableViewCell.xib */,
				5A45CD2F243EE53800606DA0 /* Main.storyboard */,
				5A45CD32243EE53C00606DA0 /* Assets.xcassets */,
				5A45CD34243EE53C00606DA0 /* LaunchScreen.storyboard */,
				5A45CD37243EE53C00606DA0 /* Info.plist */,
				5ACEEE7624407924008BC92B /* GoogleService-Info.plist */,
			);
			path = Instagram;
			sourceTree = "<group>";
		};
		95D3B63227C5C5364EC8DB5C /* Pods */ = {
			isa = PBXGroup;
			children = (
				D3A1A08D0319BDFE871D8474 /* Pods-Instagram.debug.xcconfig */,
				5400A0BC3CE20E14185DE337 /* Pods-Instagram.release.xcconfig */,
			);
			path = Pods;
			sourceTree = "<group>";
		};
/* End PBXGroup section */

/* Begin PBXNativeTarget section */
		5A45CD25243EE53800606DA0 /* Instagram */ = {
			isa = PBXNativeTarget;
			buildConfigurationList = 5A45CD3A243EE53C00606DA0 /* Build configuration list for PBXNativeTarget "Instagram" */;
			buildPhases = (
				00E471D07E1B24D34D2DD86A /* [CP] Check Pods Manifest.lock */,
				5A45CD22243EE53800606DA0 /* Sources */,
				5A45CD23243EE53800606DA0 /* Frameworks */,
				5A45CD24243EE53800606DA0 /* Resources */,
				A03ACDE9DD8AB44BE133106A /* [CP] Embed Pods Frameworks */,
			);
			buildRules = (
			);
			dependencies = (
			);
			name = Instagram;
			productName = Instagram;
			productReference = 5A45CD26243EE53800606DA0 /* Instagram.app */;
			productType = "com.apple.product-type.application";
		};
/* End PBXNativeTarget section */

/* Begin PBXProject section */
		5A45CD1E243EE53800606DA0 /* Project object */ = {
			isa = PBXProject;
			attributes = {
				LastSwiftUpdateCheck = 1110;
				LastUpgradeCheck = 1110;
				ORGANIZATIONNAME = tmyasu0131;
				TargetAttributes = {
					5A45CD25243EE53800606DA0 = {
						CreatedOnToolsVersion = 11.1;
					};
				};
			};
			buildConfigurationList = 5A45CD21243EE53800606DA0 /* Build configuration list for PBXProject "Instagram" */;
			compatibilityVersion = "Xcode 9.3";
			developmentRegion = en;
			hasScannedForEncodings = 0;
			knownRegions = (
				en,
				Base,
			);
			mainGroup = 5A45CD1D243EE53800606DA0;
			productRefGroup = 5A45CD27243EE53800606DA0 /* Products */;
			projectDirPath = "";
			projectRoot = "";
			targets = (
				5A45CD25243EE53800606DA0 /* Instagram */,
			);
		};
/* End PBXProject section */

/* Begin PBXResourcesBuildPhase section */
		5A45CD24243EE53800606DA0 /* Resources */ = {
			isa = PBXResourcesBuildPhase;
			buildActionMask = 2147483647;
			files = (
				5A45CD36243EE53C00606DA0 /* LaunchScreen.storyboard in Resources */,
				5AA2F8C92446FEDA0032AFA0 /* PostTableViewCell.xib in Resources */,
				5ACEEE7724407925008BC92B /* GoogleService-Info.plist in Resources */,
				5A45CD33243EE53C00606DA0 /* Assets.xcassets in Resources */,
				5A45CD31243EE53800606DA0 /* Main.storyboard in Resources */,
			);
			runOnlyForDeploymentPostprocessing = 0;
		};
/* End PBXResourcesBuildPhase section */

/* Begin PBXShellScriptBuildPhase section */
		00E471D07E1B24D34D2DD86A /* [CP] Check Pods Manifest.lock */ = {
			isa = PBXShellScriptBuildPhase;
			buildActionMask = 2147483647;
			files = (
			);
			inputFileListPaths = (
			);
			inputPaths = (
				"${PODS_PODFILE_DIR_PATH}/Podfile.lock",
				"${PODS_ROOT}/Manifest.lock",
			);
			name = "[CP] Check Pods Manifest.lock";
			outputFileListPaths = (
			);
			outputPaths = (
				"$(DERIVED_FILE_DIR)/Pods-Instagram-checkManifestLockResult.txt",
			);
			runOnlyForDeploymentPostprocessing = 0;
			shellPath = /bin/sh;
			shellScript = "diff \"${PODS_PODFILE_DIR_PATH}/Podfile.lock\" \"${PODS_ROOT}/Manifest.lock\" > /dev/null\nif [ $? != 0 ] ; then\n    # print error to STDERR\n    echo \"error: The sandbox is not in sync with the Podfile.lock. Run 'pod install' or update your CocoaPods installation.\" >&2\n    exit 1\nfi\n# This output is used by Xcode 'outputs' to avoid re-running this script phase.\necho \"SUCCESS\" > \"${SCRIPT_OUTPUT_FILE_0}\"\n";
			showEnvVarsInLog = 0;
		};
		A03ACDE9DD8AB44BE133106A /* [CP] Embed Pods Frameworks */ = {
			isa = PBXShellScriptBuildPhase;
			buildActionMask = 2147483647;
			files = (
			);
			inputFileListPaths = (
				"${PODS_ROOT}/Target Support Files/Pods-Instagram/Pods-Instagram-frameworks-${CONFIGURATION}-input-files.xcfilelist",
			);
			name = "[CP] Embed Pods Frameworks";
			outputFileListPaths = (
				"${PODS_ROOT}/Target Support Files/Pods-Instagram/Pods-Instagram-frameworks-${CONFIGURATION}-output-files.xcfilelist",
			);
			runOnlyForDeploymentPostprocessing = 0;
			shellPath = /bin/sh;
			shellScript = "\"${PODS_ROOT}/Target Support Files/Pods-Instagram/Pods-Instagram-frameworks.sh\"\n";
			showEnvVarsInLog = 0;
		};
/* End PBXShellScriptBuildPhase section */

/* Begin PBXSourcesBuildPhase section */
		5A45CD22243EE53800606DA0 /* Sources */ = {
			isa = PBXSourcesBuildPhase;
			buildActionMask = 2147483647;
			files = (
				5AA2F8C82446FEDA0032AFA0 /* PostTableViewCell.swift in Sources */,
				5A45CD42243EE5FE00606DA0 /* ImageSelectViewController.swift in Sources */,
				5A45CD4A243EED5700606DA0 /* TabBarController.swift in Sources */,
				5A45CD40243EE5E500606DA0 /* HomeViewController.swift in Sources */,
				5A45CD44243EE61200606DA0 /* PostViewController.swift in Sources */,
				5A45CD46243EE62500606DA0 /* SettingViewController.swift in Sources */,
				5AA2F8C52446FE630032AFA0 /* PostData.swift in Sources */,
				5A45CD3E243EE5CF00606DA0 /* LoginViewController.swift in Sources */,
				5AEB583C244AF512001FFEB4 /* CommentViewController.swift in Sources */,
				5A45CD2A243EE53800606DA0 /* AppDelegate.swift in Sources */,
				5A45CD2C243EE53800606DA0 /* SceneDelegate.swift in Sources */,
				5A5FBBFF2446907600E1EBE1 /* Const.swift in Sources */,
			);
			runOnlyForDeploymentPostprocessing = 0;
		};
/* End PBXSourcesBuildPhase section */

/* Begin PBXVariantGroup section */
		5A45CD2F243EE53800606DA0 /* Main.storyboard */ = {
			isa = PBXVariantGroup;
			children = (
				5A45CD30243EE53800606DA0 /* Base */,
			);
			name = Main.storyboard;
			sourceTree = "<group>";
		};
		5A45CD34243EE53C00606DA0 /* LaunchScreen.storyboard */ = {
			isa = PBXVariantGroup;
			children = (
				5A45CD35243EE53C00606DA0 /* Base */,
			);
			name = LaunchScreen.storyboard;
			sourceTree = "<group>";
		};
/* End PBXVariantGroup section */

/* Begin XCBuildConfiguration section */
		5A45CD38243EE53C00606DA0 /* Debug */ = {
			isa = XCBuildConfiguration;
			buildSettings = {
				ALWAYS_SEARCH_USER_PATHS = NO;
				CLANG_ANALYZER_NONNULL = YES;
				CLANG_ANALYZER_NUMBER_OBJECT_CONVERSION = YES_AGGRESSIVE;
				CLANG_CXX_LANGUAGE_STANDARD = "gnu++14";
				CLANG_CXX_LIBRARY = "libc++";
				CLANG_ENABLE_MODULES = YES;
				CLANG_ENABLE_OBJC_ARC = YES;
				CLANG_ENABLE_OBJC_WEAK = YES;
				CLANG_WARN_BLOCK_CAPTURE_AUTORELEASING = YES;
				CLANG_WARN_BOOL_CONVERSION = YES;
				CLANG_WARN_COMMA = YES;
				CLANG_WARN_CONSTANT_CONVERSION = YES;
				CLANG_WARN_DEPRECATED_OBJC_IMPLEMENTATIONS = YES;
				CLANG_WARN_DIRECT_OBJC_ISA_USAGE = YES_ERROR;
				CLANG_WARN_DOCUMENTATION_COMMENTS = YES;
				CLANG_WARN_EMPTY_BODY = YES;
				CLANG_WARN_ENUM_CONVERSION = YES;
				CLANG_WARN_INFINITE_RECURSION = YES;
				CLANG_WARN_INT_CONVERSION = YES;
				CLANG_WARN_NON_LITERAL_NULL_CONVERSION = YES;
				CLANG_WARN_OBJC_IMPLICIT_RETAIN_SELF = YES;
				CLANG_WARN_OBJC_LITERAL_CONVERSION = YES;
				CLANG_WARN_OBJC_ROOT_CLASS = YES_ERROR;
				CLANG_WARN_RANGE_LOOP_ANALYSIS = YES;
				CLANG_WARN_STRICT_PROTOTYPES = YES;
				CLANG_WARN_SUSPICIOUS_MOVE = YES;
				CLANG_WARN_UNGUARDED_AVAILABILITY = YES_AGGRESSIVE;
				CLANG_WARN_UNREACHABLE_CODE = YES;
				CLANG_WARN__DUPLICATE_METHOD_MATCH = YES;
				COPY_PHASE_STRIP = NO;
				DEBUG_INFORMATION_FORMAT = dwarf;
				ENABLE_STRICT_OBJC_MSGSEND = YES;
				ENABLE_TESTABILITY = YES;
				GCC_C_LANGUAGE_STANDARD = gnu11;
				GCC_DYNAMIC_NO_PIC = NO;
				GCC_NO_COMMON_BLOCKS = YES;
				GCC_OPTIMIZATION_LEVEL = 0;
				GCC_PREPROCESSOR_DEFINITIONS = (
					"DEBUG=1",
					"$(inherited)",
				);
				GCC_WARN_64_TO_32_BIT_CONVERSION = YES;
				GCC_WARN_ABOUT_RETURN_TYPE = YES_ERROR;
				GCC_WARN_UNDECLARED_SELECTOR = YES;
				GCC_WARN_UNINITIALIZED_AUTOS = YES_AGGRESSIVE;
				GCC_WARN_UNUSED_FUNCTION = YES;
				GCC_WARN_UNUSED_VARIABLE = YES;
				IPHONEOS_DEPLOYMENT_TARGET = 13.1;
				MTL_ENABLE_DEBUG_INFO = INCLUDE_SOURCE;
				MTL_FAST_MATH = YES;
				ONLY_ACTIVE_ARCH = YES;
				SDKROOT = iphoneos;
				SWIFT_ACTIVE_COMPILATION_CONDITIONS = DEBUG;
				SWIFT_OPTIMIZATION_LEVEL = "-Onone";
			};
			name = Debug;
		};
		5A45CD39243EE53C00606DA0 /* Release */ = {
			isa = XCBuildConfiguration;
			buildSettings = {
				ALWAYS_SEARCH_USER_PATHS = NO;
				CLANG_ANALYZER_NONNULL = YES;
				CLANG_ANALYZER_NUMBER_OBJECT_CONVERSION = YES_AGGRESSIVE;
				CLANG_CXX_LANGUAGE_STANDARD = "gnu++14";
				CLANG_CXX_LIBRARY = "libc++";
				CLANG_ENABLE_MODULES = YES;
				CLANG_ENABLE_OBJC_ARC = YES;
				CLANG_ENABLE_OBJC_WEAK = YES;
				CLANG_WARN_BLOCK_CAPTURE_AUTORELEASING = YES;
				CLANG_WARN_BOOL_CONVERSION = YES;
				CLANG_WARN_COMMA = YES;
				CLANG_WARN_CONSTANT_CONVERSION = YES;
				CLANG_WARN_DEPRECATED_OBJC_IMPLEMENTATIONS = YES;
				CLANG_WARN_DIRECT_OBJC_ISA_USAGE = YES_ERROR;
				CLANG_WARN_DOCUMENTATION_COMMENTS = YES;
				CLANG_WARN_EMPTY_BODY = YES;
				CLANG_WARN_ENUM_CONVERSION = YES;
				CLANG_WARN_INFINITE_RECURSION = YES;
				CLANG_WARN_INT_CONVERSION = YES;
				CLANG_WARN_NON_LITERAL_NULL_CONVERSION = YES;
				CLANG_WARN_OBJC_IMPLICIT_RETAIN_SELF = YES;
				CLANG_WARN_OBJC_LITERAL_CONVERSION = YES;
				CLANG_WARN_OBJC_ROOT_CLASS = YES_ERROR;
				CLANG_WARN_RANGE_LOOP_ANALYSIS = YES;
				CLANG_WARN_STRICT_PROTOTYPES = YES;
				CLANG_WARN_SUSPICIOUS_MOVE = YES;
				CLANG_WARN_UNGUARDED_AVAILABILITY = YES_AGGRESSIVE;
				CLANG_WARN_UNREACHABLE_CODE = YES;
				CLANG_WARN__DUPLICATE_METHOD_MATCH = YES;
				COPY_PHASE_STRIP = NO;
				DEBUG_INFORMATION_FORMAT = "dwarf-with-dsym";
				ENABLE_NS_ASSERTIONS = NO;
				ENABLE_STRICT_OBJC_MSGSEND = YES;
				GCC_C_LANGUAGE_STANDARD = gnu11;
				GCC_NO_COMMON_BLOCKS = YES;
				GCC_WARN_64_TO_32_BIT_CONVERSION = YES;
				GCC_WARN_ABOUT_RETURN_TYPE = YES_ERROR;
				GCC_WARN_UNDECLARED_SELECTOR = YES;
				GCC_WARN_UNINITIALIZED_AUTOS = YES_AGGRESSIVE;
				GCC_WARN_UNUSED_FUNCTION = YES;
				GCC_WARN_UNUSED_VARIABLE = YES;
				IPHONEOS_DEPLOYMENT_TARGET = 13.1;
				MTL_ENABLE_DEBUG_INFO = NO;
				MTL_FAST_MATH = YES;
				SDKROOT = iphoneos;
				SWIFT_COMPILATION_MODE = wholemodule;
				SWIFT_OPTIMIZATION_LEVEL = "-O";
				VALIDATE_PRODUCT = YES;
			};
			name = Release;
		};
		5A45CD3B243EE53C00606DA0 /* Debug */ = {
			isa = XCBuildConfiguration;
			baseConfigurationReference = D3A1A08D0319BDFE871D8474 /* Pods-Instagram.debug.xcconfig */;
			buildSettings = {
				ASSETCATALOG_COMPILER_APPICON_NAME = AppIcon;
				CODE_SIGN_STYLE = Automatic;
				DEVELOPMENT_TEAM = BX46QL73DV;
				INFOPLIST_FILE = Instagram/Info.plist;
				LD_RUNPATH_SEARCH_PATHS = (
					"$(inherited)",
					"@executable_path/Frameworks",
				);
				PRODUCT_BUNDLE_IDENTIFIER = jp.techacademy.tmyasu.Instagram;
				PRODUCT_NAME = "$(TARGET_NAME)";
				SWIFT_VERSION = 5.0;
				TARGETED_DEVICE_FAMILY = 1;
			};
			name = Debug;
		};
		5A45CD3C243EE53C00606DA0 /* Release */ = {
			isa = XCBuildConfiguration;
			baseConfigurationReference = 5400A0BC3CE20E14185DE337 /* Pods-Instagram.release.xcconfig */;
			buildSettings = {
				ASSETCATALOG_COMPILER_APPICON_NAME = AppIcon;
				CODE_SIGN_STYLE = Automatic;
				DEVELOPMENT_TEAM = BX46QL73DV;
				INFOPLIST_FILE = Instagram/Info.plist;
				LD_RUNPATH_SEARCH_PATHS = (
					"$(inherited)",
					"@executable_path/Frameworks",
				);
				PRODUCT_BUNDLE_IDENTIFIER = jp.techacademy.tmyasu.Instagram;
				PRODUCT_NAME = "$(TARGET_NAME)";
				SWIFT_VERSION = 5.0;
				TARGETED_DEVICE_FAMILY = 1;
			};
			name = Release;
		};
/* End XCBuildConfiguration section */

/* Begin XCConfigurationList section */
		5A45CD21243EE53800606DA0 /* Build configuration list for PBXProject "Instagram" */ = {
			isa = XCConfigurationList;
			buildConfigurations = (
				5A45CD38243EE53C00606DA0 /* Debug */,
				5A45CD39243EE53C00606DA0 /* Release */,
			);
			defaultConfigurationIsVisible = 0;
			defaultConfigurationName = Release;
		};
		5A45CD3A243EE53C00606DA0 /* Build configuration list for PBXNativeTarget "Instagram" */ = {
			isa = XCConfigurationList;
			buildConfigurations = (
				5A45CD3B243EE53C00606DA0 /* Debug */,
				5A45CD3C243EE53C00606DA0 /* Release */,
			);
			defaultConfigurationIsVisible = 0;
			defaultConfigurationName = Release;
		};
/* End XCConfigurationList section */
	};
	rootObject = 5A45CD1E243EE53800606DA0 /* Project object */;
}
